
Microsoft Visual Studio Solution File, Format Version 12.00
# Visual Studio Version 17
VisualStudioVersion = 17.9.34714.143
MinimumVisualStudioVersion = 10.0.40219.1
Project("{FAE04EC0-301F-11D3-BF4B-00C04F79EFBC}") = "Pos點餐", "Pos點餐\Pos點餐.csproj", "{9543ECD5-14BB-4900-B4C6-D0720848B72C}"
EndProject
Global
	GlobalSection(SolutionConfigurationPlatforms) = preSolution
		Debug|Any CPU = Debug|Any CPU
		Release|Any CPU = Release|Any CPU
	EndGlobalSection
	GlobalSection(ProjectConfigurationPlatforms) = postSolution
		{9543ECD5-14BB-4900-B4C6-D0720848B72C}.Debug|Any CPU.ActiveCfg = Debug|Any CPU
		{9543ECD5-14BB-4900-B4C6-D0720848B72C}.Debug|Any CPU.Build.0 = Debug|Any CPU
		{9543ECD5-14BB-4900-B4C6-D0720848B72C}.Release|Any CPU.ActiveCfg = Release|Any CPU
		{9543ECD5-14BB-4900-B4C6-D0720848B72C}.Release|Any CPU.Build.0 = Release|Any CPU
	EndGlobalSection
	GlobalSection(SolutionProperties) = preSolution
		HideSolutionNode = FALSE
	EndGlobalSection
	GlobalSection(ExtensibilityGlobals) = postSolution
		SolutionGuid = {B5C11CA5-2BA4-40A5-9975-F806E0273B14}
	EndGlobalSection
EndGlobal
